# This file is autogenerated, do not edit; changes may be undone by the next 'dep ensure'.


[[projects]]
  name = "github.com/HouzuoGuo/tiedot"
  packages = [
    "data",
    "db",
    "dberr",
    "gommap",
    "tdlog"
  ]
  revision = "96fa90b5e4620f677d2737bc5358329040942adb"
  version = "3.4"

[[projects]]
  name = "github.com/gorilla/context"
  packages = ["."]
  revision = "08b5f424b9271eedf6f9f0ce86cb9396ed337a42"
  version = "v1.1.1"

[[projects]]
  name = "github.com/gorilla/mux"
  packages = ["."]
  revision = "e3702bed27f0d39777b0b37b664b6280e8ef8fbf"
  version = "v1.6.2"

[[projects]]
  branch = "master"
  name = "github.com/skratchdot/open-golang"
  packages = ["open"]
  revision = "75fb7ed4208cf72d323d7d02fd1a5964a7a9073c"

[solve-meta]
  analyzer-name = "dep"
  analyzer-version = 1
  inputs-digest = "002ff9d8536c4a69a072e654bf578e4d3b688502d7b5b232fef068c6780e2f12"
  solver-name = "gps-cdcl"
  solver-version = 1
